
Microsoft Visual Studio Solution File, Format Version 12.00
# Visual Studio Version 16
VisualStudioVersion = 16.0.31613.86
MinimumVisualStudioVersion = 10.0.40219.1
Project("{FAE04EC0-301F-11D3-BF4B-00C04F79EFBC}") = "BelBank", "BelBank.csproj", "{D4A3158D-D7BC-4E9B-810B-031A9A0CF815}"
EndProject
Global
	GlobalSection(SolutionConfigurationPlatforms) = preSolution
		Debug|Any CPU = Debug|Any CPU
		Release|Any CPU = Release|Any CPU
	EndGlobalSection
	GlobalSection(ProjectConfigurationPlatforms) = postSolution
		{D4A3158D-D7BC-4E9B-810B-031A9A0CF815}.Debug|Any CPU.ActiveCfg = Debug|Any CPU
		{D4A3158D-D7BC-4E9B-810B-031A9A0CF815}.Debug|Any CPU.Build.0 = Debug|Any CPU
		{D4A3158D-D7BC-4E9B-810B-031A9A0CF815}.Release|Any CPU.ActiveCfg = Release|Any CPU
		{D4A3158D-D7BC-4E9B-810B-031A9A0CF815}.Release|Any CPU.Build.0 = Release|Any CPU
	EndGlobalSection
	GlobalSection(SolutionProperties) = preSolution
		HideSolutionNode = FALSE
	EndGlobalSection
	GlobalSection(ExtensibilityGlobals) = postSolution
		SolutionGuid = {574C084F-C760-452F-B657-745A62B398DC}
	EndGlobalSection
EndGlobal
